
Microsoft Visual Studio Solution File, Format Version 12.00
# Visual Studio 2013
VisualStudioVersion = 12.0.21005.1
MinimumVisualStudioVersion = 10.0.40219.1
Project("{8BC9CEB8-8B4A-11D0-8D11-00A0C91BC942}") = "CPPClass", "CPPClass\CPPClass.vcxproj", "{1848E0F0-0541-4977-A877-1F7287A9FD64}"
EndProject
Project("{8BC9CEB8-8B4A-11D0-8D11-00A0C91BC942}") = "RactangleClass", "RactangleClass\RactangleClass.vcxproj", "{05430C49-1953-420C-A366-9DD24FD1DD78}"
EndProject
Project("{8BC9CEB8-8B4A-11D0-8D11-00A0C91BC942}") = "RectangleDraw", "RectangleDraw\RectangleDraw.vcxproj", "{2D4DCB08-89EB-4BA0-88E6-9DE2FE10C591}"
EndProject
Project("{8BC9CEB8-8B4A-11D0-8D11-00A0C91BC942}") = "Account", "Account\Account.vcxproj", "{2060B71D-08E6-4F54-8745-5468D7A16B27}"
EndProject
Project("{8BC9CEB8-8B4A-11D0-8D11-00A0C91BC942}") = "ConstClass", "ConstClass\ConstClass.vcxproj", "{D695D350-7578-4427-8F98-927524E414FD}"
EndProject
Project("{8BC9CEB8-8B4A-11D0-8D11-00A0C91BC942}") = "StudentClass", "StudentClass\StudentClass.vcxproj", "{BAF99135-0767-42C7-B7C2-24FA3DAD3C19}"
EndProject
Project("{8BC9CEB8-8B4A-11D0-8D11-00A0C91BC942}") = "SubjectClass", "SubjectClass\SubjectClass.vcxproj", "{AB86166A-6353-49D4-B800-549D4ACD4889}"
EndProject
Project("{8BC9CEB8-8B4A-11D0-8D11-00A0C91BC942}") = "0328", "0328\0328.vcxproj", "{E6CCE119-BD6F-410A-83B6-4E4F22713340}"
EndProject
Project("{8BC9CEB8-8B4A-11D0-8D11-00A0C91BC942}") = "0330", "0330\0330.vcxproj", "{49E83990-6DAD-41A5-8DDE-A4BAE20EDE26}"
EndProject
Project("{8BC9CEB8-8B4A-11D0-8D11-00A0C91BC942}") = "0330_product", "0330_product\0330_product.vcxproj", "{E4CCC1C1-C61D-45DA-B66B-0490B191451C}"
EndProject
Project("{8BC9CEB8-8B4A-11D0-8D11-00A0C91BC942}") = "0404_1", "0404_1\0404_1.vcxproj", "{F6254DC4-AE3D-4FE7-8169-070CA13BCEBA}"
EndProject
Project("{8BC9CEB8-8B4A-11D0-8D11-00A0C91BC942}") = "0411", "0411\0411.vcxproj", "{9BEE748D-86E7-4D29-87E6-EA1CBF3DD956}"
EndProject
Project("{8BC9CEB8-8B4A-11D0-8D11-00A0C91BC942}") = "Market", "Market\Market.vcxproj", "{E8F5B0A2-E6B9-4A61-B784-E0D212EE6209}"
EndProject
Project("{8BC9CEB8-8B4A-11D0-8D11-00A0C91BC942}") = "tt", "tt\tt.vcxproj", "{3C4A7A01-4B96-410B-9639-C7B39DD1F04C}"
EndProject
Project("{8BC9CEB8-8B4A-11D0-8D11-00A0C91BC942}") = "0425", "0425\0425.vcxproj", "{653253F4-EB45-4B76-BCFD-AA954A9ADE2D}"
EndProject
Project("{8BC9CEB8-8B4A-11D0-8D11-00A0C91BC942}") = "middle", "middle\middle.vcxproj", "{A60F0D1F-A77E-4CD9-8091-3B78C806B461}"
EndProject
Project("{8BC9CEB8-8B4A-11D0-8D11-00A0C91BC942}") = "0427", "0427\0427.vcxproj", "{4201D6C2-C692-47BD-B8B0-EAAC7860688B}"
EndProject
Project("{8BC9CEB8-8B4A-11D0-8D11-00A0C91BC942}") = "0504", "0504\0504.vcxproj", "{C8B92E1B-8751-4DBE-A6B5-EC155CAD9570}"
EndProject
Project("{8BC9CEB8-8B4A-11D0-8D11-00A0C91BC942}") = "0509", "0509\0509.vcxproj", "{F9992DAD-EAB4-44F6-8807-D8EF9A5216DA}"
EndProject
Project("{8BC9CEB8-8B4A-11D0-8D11-00A0C91BC942}") = "0509_2", "0509_2\0509_2.vcxproj", "{5B657A69-CE83-47E7-9CE9-EC4E7185F05D}"
EndProject
Project("{8BC9CEB8-8B4A-11D0-8D11-00A0C91BC942}") = "Operation", "Operation\Operation.vcxproj", "{943C5572-E65B-4FCC-957D-8DB0E3357A78}"
EndProject
Project("{8BC9CEB8-8B4A-11D0-8D11-00A0C91BC942}") = "Fountain", "Fountain\Fountain.vcxproj", "{52BEE895-F297-4FD8-8FBA-AFE4D5AE97BC}"
EndProject
Project("{8BC9CEB8-8B4A-11D0-8D11-00A0C91BC942}") = "0523", "0523\0523.vcxproj", "{7017E12C-5BC8-45E1-8598-8CE6141B71E5}"
EndProject
Project("{8BC9CEB8-8B4A-11D0-8D11-00A0C91BC942}") = "0523-2", "0523-2\0523-2.vcxproj", "{B0818E21-68CD-40D1-BDE8-EC19BB47A542}"
EndProject
Project("{8BC9CEB8-8B4A-11D0-8D11-00A0C91BC942}") = "0525", "0525\0525.vcxproj", "{EDC5C378-A70B-49A6-9B64-453D2A81F0C2}"
EndProject
Global
	GlobalSection(SolutionConfigurationPlatforms) = preSolution
		Debug|Mixed Platforms = Debug|Mixed Platforms
		Debug|Win32 = Debug|Win32
		Debug|x64 = Debug|x64
		Debug|x86 = Debug|x86
		Release|Mixed Platforms = Release|Mixed Platforms
		Release|Win32 = Release|Win32
		Release|x64 = Release|x64
		Release|x86 = Release|x86
	EndGlobalSection
	GlobalSection(ProjectConfigurationPlatforms) = postSolution
		{1848E0F0-0541-4977-A877-1F7287A9FD64}.Debug|Mixed Platforms.ActiveCfg = Debug|Win32
		{1848E0F0-0541-4977-A877-1F7287A9FD64}.Debug|Mixed Platforms.Build.0 = Debug|Win32
		{1848E0F0-0541-4977-A877-1F7287A9FD64}.Debug|Win32.ActiveCfg = Debug|Win32
		{1848E0F0-0541-4977-A877-1F7287A9FD64}.Debug|Win32.Build.0 = Debug|Win32
		{1848E0F0-0541-4977-A877-1F7287A9FD64}.Debug|x64.ActiveCfg = Debug|x64
		{1848E0F0-0541-4977-A877-1F7287A9FD64}.Debug|x64.Build.0 = Debug|x64
		{1848E0F0-0541-4977-A877-1F7287A9FD64}.Debug|x86.ActiveCfg = Debug|Win32
		{1848E0F0-0541-4977-A877-1F7287A9FD64}.Debug|x86.Build.0 = Debug|Win32
		{1848E0F0-0541-4977-A877-1F7287A9FD64}.Release|Mixed Platforms.ActiveCfg = Release|Win32
		{1848E0F0-0541-4977-A877-1F7287A9FD64}.Release|Mixed Platforms.Build.0 = Release|Win32
		{1848E0F0-0541-4977-A877-1F7287A9FD64}.Release|Win32.ActiveCfg = Release|Win32
		{1848E0F0-0541-4977-A877-1F7287A9FD64}.Release|Win32.Build.0 = Release|Win32
		{1848E0F0-0541-4977-A877-1F7287A9FD64}.Release|x64.ActiveCfg = Release|x64
		{1848E0F0-0541-4977-A877-1F7287A9FD64}.Release|x64.Build.0 = Release|x64
		{1848E0F0-0541-4977-A877-1F7287A9FD64}.Release|x86.ActiveCfg = Release|Win32
		{1848E0F0-0541-4977-A877-1F7287A9FD64}.Release|x86.Build.0 = Release|Win32
		{05430C49-1953-420C-A366-9DD24FD1DD78}.Debug|Mixed Platforms.ActiveCfg = Debug|Win32
		{05430C49-1953-420C-A366-9DD24FD1DD78}.Debug|Mixed Platforms.Build.0 = Debug|Win32
		{05430C49-1953-420C-A366-9DD24FD1DD78}.Debug|Win32.ActiveCfg = Debug|Win32
		{05430C49-1953-420C-A366-9DD24FD1DD78}.Debug|Win32.Build.0 = Debug|Win32
		{05430C49-1953-420C-A366-9DD24FD1DD78}.Debug|x64.ActiveCfg = Debug|x64
		{05430C49-1953-420C-A366-9DD24FD1DD78}.Debug|x64.Build.0 = Debug|x64
		{05430C49-1953-420C-A366-9DD24FD1DD78}.Debug|x86.ActiveCfg = Debug|Win32
		{05430C49-1953-420C-A366-9DD24FD1DD78}.Debug|x86.Build.0 = Debug|Win32
		{05430C49-1953-420C-A366-9DD24FD1DD78}.Release|Mixed Platforms.ActiveCfg = Release|Win32
		{05430C49-1953-420C-A366-9DD24FD1DD78}.Release|Mixed Platforms.Build.0 = Release|Win32
		{05430C49-1953-420C-A366-9DD24FD1DD78}.Release|Win32.ActiveCfg = Release|Win32
		{05430C49-1953-420C-A366-9DD24FD1DD78}.Release|Win32.Build.0 = Release|Win32
		{05430C49-1953-420C-A366-9DD24FD1DD78}.Release|x64.ActiveCfg = Release|x64
		{05430C49-1953-420C-A366-9DD24FD1DD78}.Release|x64.Build.0 = Release|x64
		{05430C49-1953-420C-A366-9DD24FD1DD78}.Release|x86.ActiveCfg = Release|Win32
		{05430C49-1953-420C-A366-9DD24FD1DD78}.Release|x86.Build.0 = Release|Win32
		{2D4DCB08-89EB-4BA0-88E6-9DE2FE10C591}.Debug|Mixed Platforms.ActiveCfg = Debug|Win32
		{2D4DCB08-89EB-4BA0-88E6-9DE2FE10C591}.Debug|Mixed Platforms.Build.0 = Debug|Win32
		{2D4DCB08-89EB-4BA0-88E6-9DE2FE10C591}.Debug|Win32.ActiveCfg = Debug|Win32
		{2D4DCB08-89EB-4BA0-88E6-9DE2FE10C591}.Debug|Win32.Build.0 = Debug|Win32
		{2D4DCB08-89EB-4BA0-88E6-9DE2FE10C591}.Debug|x64.ActiveCfg = Debug|x64
		{2D4DCB08-89EB-4BA0-88E6-9DE2FE10C591}.Debug|x64.Build.0 = Debug|x64
		{2D4DCB08-89EB-4BA0-88E6-9DE2FE10C591}.Debug|x86.ActiveCfg = Debug|Win32
		{2D4DCB08-89EB-4BA0-88E6-9DE2FE10C591}.Debug|x86.Build.0 = Debug|Win32
		{2D4DCB08-89EB-4BA0-88E6-9DE2FE10C591}.Release|Mixed Platforms.ActiveCfg = Release|Win32
		{2D4DCB08-89EB-4BA0-88E6-9DE2FE10C591}.Release|Mixed Platforms.Build.0 = Release|Win32
		{2D4DCB08-89EB-4BA0-88E6-9DE2FE10C591}.Release|Win32.ActiveCfg = Release|Win32
		{2D4DCB08-89EB-4BA0-88E6-9DE2FE10C591}.Release|Win32.Build.0 = Release|Win32
		{2D4DCB08-89EB-4BA0-88E6-9DE2FE10C591}.Release|x64.ActiveCfg = Release|x64
		{2D4DCB08-89EB-4BA0-88E6-9DE2FE10C591}.Release|x64.Build.0 = Release|x64
		{2D4DCB08-89EB-4BA0-88E6-9DE2FE10C591}.Release|x86.ActiveCfg = Release|Win32
		{2D4DCB08-89EB-4BA0-88E6-9DE2FE10C591}.Release|x86.Build.0 = Release|Win32
		{2060B71D-08E6-4F54-8745-5468D7A16B27}.Debug|Mixed Platforms.ActiveCfg = Debug|Win32
		{2060B71D-08E6-4F54-8745-5468D7A16B27}.Debug|Mixed Platforms.Build.0 = Debug|Win32
		{2060B71D-08E6-4F54-8745-5468D7A16B27}.Debug|Win32.ActiveCfg = Debug|Win32
		{2060B71D-08E6-4F54-8745-5468D7A16B27}.Debug|Win32.Build.0 = Debug|Win32
		{2060B71D-08E6-4F54-8745-5468D7A16B27}.Debug|x64.ActiveCfg = Debug|x64
		{2060B71D-08E6-4F54-8745-5468D7A16B27}.Debug|x64.Build.0 = Debug|x64
		{2060B71D-08E6-4F54-8745-5468D7A16B27}.Debug|x86.ActiveCfg = Debug|Win32
		{2060B71D-08E6-4F54-8745-5468D7A16B27}.Debug|x86.Build.0 = Debug|Win32
		{2060B71D-08E6-4F54-8745-5468D7A16B27}.Release|Mixed Platforms.ActiveCfg = Release|Win32
		{2060B71D-08E6-4F54-8745-5468D7A16B27}.Release|Mixed Platforms.Build.0 = Release|Win32
		{2060B71D-08E6-4F54-8745-5468D7A16B27}.Release|Win32.ActiveCfg = Release|Win32
		{2060B71D-08E6-4F54-8745-5468D7A16B27}.Release|Win32.Build.0 = Release|Win32
		{2060B71D-08E6-4F54-8745-5468D7A16B27}.Release|x64.ActiveCfg = Release|x64
		{2060B71D-08E6-4F54-8745-5468D7A16B27}.Release|x64.Build.0 = Release|x64
		{2060B71D-08E6-4F54-8745-5468D7A16B27}.Release|x86.ActiveCfg = Release|Win32
		{2060B71D-08E6-4F54-8745-5468D7A16B27}.Release|x86.Build.0 = Release|Win32
		{D695D350-7578-4427-8F98-927524E414FD}.Debug|Mixed Platforms.ActiveCfg = Debug|Win32
		{D695D350-7578-4427-8F98-927524E414FD}.Debug|Mixed Platforms.Build.0 = Debug|Win32
		{D695D350-7578-4427-8F98-927524E414FD}.Debug|Win32.ActiveCfg = Debug|Win32
		{D695D350-7578-4427-8F98-927524E414FD}.Debug|Win32.Build.0 = Debug|Win32
		{D695D350-7578-4427-8F98-927524E414FD}.Debug|x64.ActiveCfg = Debug|x64
		{D695D350-7578-4427-8F98-927524E414FD}.Debug|x64.Build.0 = Debug|x64
		{D695D350-7578-4427-8F98-927524E414FD}.Debug|x86.ActiveCfg = Debug|Win32
		{D695D350-7578-4427-8F98-927524E414FD}.Debug|x86.Build.0 = Debug|Win32
		{D695D350-7578-4427-8F98-927524E414FD}.Release|Mixed Platforms.ActiveCfg = Release|Win32
		{D695D350-7578-4427-8F98-927524E414FD}.Release|Mixed Platforms.Build.0 = Release|Win32
		{D695D350-7578-4427-8F98-927524E414FD}.Release|Win32.ActiveCfg = Release|Win32
		{D695D350-7578-4427-8F98-927524E414FD}.Release|Win32.Build.0 = Release|Win32
		{D695D350-7578-4427-8F98-927524E414FD}.Release|x64.ActiveCfg = Release|x64
		{D695D350-7578-4427-8F98-927524E414FD}.Release|x64.Build.0 = Release|x64
		{D695D350-7578-4427-8F98-927524E414FD}.Release|x86.ActiveCfg = Release|Win32
		{D695D350-7578-4427-8F98-927524E414FD}.Release|x86.Build.0 = Release|Win32
		{BAF99135-0767-42C7-B7C2-24FA3DAD3C19}.Debug|Mixed Platforms.ActiveCfg = Debug|Win32
		{BAF99135-0767-42C7-B7C2-24FA3DAD3C19}.Debug|Mixed Platforms.Build.0 = Debug|Win32
		{BAF99135-0767-42C7-B7C2-24FA3DAD3C19}.Debug|Win32.ActiveCfg = Debug|Win32
		{BAF99135-0767-42C7-B7C2-24FA3DAD3C19}.Debug|Win32.Build.0 = Debug|Win32
		{BAF99135-0767-42C7-B7C2-24FA3DAD3C19}.Debug|x64.ActiveCfg = Debug|x64
		{BAF99135-0767-42C7-B7C2-24FA3DAD3C19}.Debug|x64.Build.0 = Debug|x64
		{BAF99135-0767-42C7-B7C2-24FA3DAD3C19}.Debug|x86.ActiveCfg = Debug|Win32
		{BAF99135-0767-42C7-B7C2-24FA3DAD3C19}.Debug|x86.Build.0 = Debug|Win32
		{BAF99135-0767-42C7-B7C2-24FA3DAD3C19}.Release|Mixed Platforms.ActiveCfg = Release|Win32
		{BAF99135-0767-42C7-B7C2-24FA3DAD3C19}.Release|Mixed Platforms.Build.0 = Release|Win32
		{BAF99135-0767-42C7-B7C2-24FA3DAD3C19}.Release|Win32.ActiveCfg = Release|Win32
		{BAF99135-0767-42C7-B7C2-24FA3DAD3C19}.Release|Win32.Build.0 = Release|Win32
		{BAF99135-0767-42C7-B7C2-24FA3DAD3C19}.Release|x64.ActiveCfg = Release|x64
		{BAF99135-0767-42C7-B7C2-24FA3DAD3C19}.Release|x64.Build.0 = Release|x64
		{BAF99135-0767-42C7-B7C2-24FA3DAD3C19}.Release|x86.ActiveCfg = Release|Win32
		{BAF99135-0767-42C7-B7C2-24FA3DAD3C19}.Release|x86.Build.0 = Release|Win32
		{AB86166A-6353-49D4-B800-549D4ACD4889}.Debug|Mixed Platforms.ActiveCfg = Debug|Win32
		{AB86166A-6353-49D4-B800-549D4ACD4889}.Debug|Mixed Platforms.Build.0 = Debug|Win32
		{AB86166A-6353-49D4-B800-549D4ACD4889}.Debug|Win32.ActiveCfg = Debug|Win32
		{AB86166A-6353-49D4-B800-549D4ACD4889}.Debug|Win32.Build.0 = Debug|Win32
		{AB86166A-6353-49D4-B800-549D4ACD4889}.Debug|x64.ActiveCfg = Debug|x64
		{AB86166A-6353-49D4-B800-549D4ACD4889}.Debug|x64.Build.0 = Debug|x64
		{AB86166A-6353-49D4-B800-549D4ACD4889}.Debug|x86.ActiveCfg = Debug|Win32
		{AB86166A-6353-49D4-B800-549D4ACD4889}.Debug|x86.Build.0 = Debug|Win32
		{AB86166A-6353-49D4-B800-549D4ACD4889}.Release|Mixed Platforms.ActiveCfg = Release|Win32
		{AB86166A-6353-49D4-B800-549D4ACD4889}.Release|Mixed Platforms.Build.0 = Release|Win32
		{AB86166A-6353-49D4-B800-549D4ACD4889}.Release|Win32.ActiveCfg = Release|Win32
		{AB86166A-6353-49D4-B800-549D4ACD4889}.Release|Win32.Build.0 = Release|Win32
		{AB86166A-6353-49D4-B800-549D4ACD4889}.Release|x64.ActiveCfg = Release|x64
		{AB86166A-6353-49D4-B800-549D4ACD4889}.Release|x64.Build.0 = Release|x64
		{AB86166A-6353-49D4-B800-549D4ACD4889}.Release|x86.ActiveCfg = Release|Win32
		{AB86166A-6353-49D4-B800-549D4ACD4889}.Release|x86.Build.0 = Release|Win32
		{E6CCE119-BD6F-410A-83B6-4E4F22713340}.Debug|Mixed Platforms.ActiveCfg = Debug|Win32
		{E6CCE119-BD6F-410A-83B6-4E4F22713340}.Debug|Mixed Platforms.Build.0 = Debug|Win32
		{E6CCE119-BD6F-410A-83B6-4E4F22713340}.Debug|Win32.ActiveCfg = Debug|Win32
		{E6CCE119-BD6F-410A-83B6-4E4F22713340}.Debug|Win32.Build.0 = Debug|Win32
		{E6CCE119-BD6F-410A-83B6-4E4F22713340}.Debug|x64.ActiveCfg = Debug|x64
		{E6CCE119-BD6F-410A-83B6-4E4F22713340}.Debug|x64.Build.0 = Debug|x64
		{E6CCE119-BD6F-410A-83B6-4E4F22713340}.Debug|x86.ActiveCfg = Debug|Win32
		{E6CCE119-BD6F-410A-83B6-4E4F22713340}.Debug|x86.Build.0 = Debug|Win32
		{E6CCE119-BD6F-410A-83B6-4E4F22713340}.Release|Mixed Platforms.ActiveCfg = Release|Win32
		{E6CCE119-BD6F-410A-83B6-4E4F22713340}.Release|Mixed Platforms.Build.0 = Release|Win32
		{E6CCE119-BD6F-410A-83B6-4E4F22713340}.Release|Win32.ActiveCfg = Release|Win32
		{E6CCE119-BD6F-410A-83B6-4E4F22713340}.Release|Win32.Build.0 = Release|Win32
		{E6CCE119-BD6F-410A-83B6-4E4F22713340}.Release|x64.ActiveCfg = Release|x64
		{E6CCE119-BD6F-410A-83B6-4E4F22713340}.Release|x64.Build.0 = Release|x64
		{E6CCE119-BD6F-410A-83B6-4E4F22713340}.Release|x86.ActiveCfg = Release|Win32
		{E6CCE119-BD6F-410A-83B6-4E4F22713340}.Release|x86.Build.0 = Release|Win32
		{49E83990-6DAD-41A5-8DDE-A4BAE20EDE26}.Debug|Mixed Platforms.ActiveCfg = Debug|Win32
		{49E83990-6DAD-41A5-8DDE-A4BAE20EDE26}.Debug|Mixed Platforms.Build.0 = Debug|Win32
		{49E83990-6DAD-41A5-8DDE-A4BAE20EDE26}.Debug|Win32.ActiveCfg = Debug|Win32
		{49E83990-6DAD-41A5-8DDE-A4BAE20EDE26}.Debug|Win32.Build.0 = Debug|Win32
		{49E83990-6DAD-41A5-8DDE-A4BAE20EDE26}.Debug|x64.ActiveCfg = Debug|x64
		{49E83990-6DAD-41A5-8DDE-A4BAE20EDE26}.Debug|x64.Build.0 = Debug|x64
		{49E83990-6DAD-41A5-8DDE-A4BAE20EDE26}.Debug|x86.ActiveCfg = Debug|Win32
		{49E83990-6DAD-41A5-8DDE-A4BAE20EDE26}.Debug|x86.Build.0 = Debug|Win32
		{49E83990-6DAD-41A5-8DDE-A4BAE20EDE26}.Release|Mixed Platforms.ActiveCfg = Release|Win32
		{49E83990-6DAD-41A5-8DDE-A4BAE20EDE26}.Release|Mixed Platforms.Build.0 = Release|Win32
		{49E83990-6DAD-41A5-8DDE-A4BAE20EDE26}.Release|Win32.ActiveCfg = Release|Win32
		{49E83990-6DAD-41A5-8DDE-A4BAE20EDE26}.Release|Win32.Build.0 = Release|Win32
		{49E83990-6DAD-41A5-8DDE-A4BAE20EDE26}.Release|x64.ActiveCfg = Release|x64
		{49E83990-6DAD-41A5-8DDE-A4BAE20EDE26}.Release|x64.Build.0 = Release|x64
		{49E83990-6DAD-41A5-8DDE-A4BAE20EDE26}.Release|x86.ActiveCfg = Release|Win32
		{49E83990-6DAD-41A5-8DDE-A4BAE20EDE26}.Release|x86.Build.0 = Release|Win32
		{E4CCC1C1-C61D-45DA-B66B-0490B191451C}.Debug|Mixed Platforms.ActiveCfg = Debug|Win32
		{E4CCC1C1-C61D-45DA-B66B-0490B191451C}.Debug|Mixed Platforms.Build.0 = Debug|Win32
		{E4CCC1C1-C61D-45DA-B66B-0490B191451C}.Debug|Win32.ActiveCfg = Debug|Win32
		{E4CCC1C1-C61D-45DA-B66B-0490B191451C}.Debug|Win32.Build.0 = Debug|Win32
		{E4CCC1C1-C61D-45DA-B66B-0490B191451C}.Debug|x64.ActiveCfg = Debug|x64
		{E4CCC1C1-C61D-45DA-B66B-0490B191451C}.Debug|x64.Build.0 = Debug|x64
		{E4CCC1C1-C61D-45DA-B66B-0490B191451C}.Debug|x86.ActiveCfg = Debug|Win32
		{E4CCC1C1-C61D-45DA-B66B-0490B191451C}.Debug|x86.Build.0 = Debug|Win32
		{E4CCC1C1-C61D-45DA-B66B-0490B191451C}.Release|Mixed Platforms.ActiveCfg = Release|Win32
		{E4CCC1C1-C61D-45DA-B66B-0490B191451C}.Release|Mixed Platforms.Build.0 = Release|Win32
		{E4CCC1C1-C61D-45DA-B66B-0490B191451C}.Release|Win32.ActiveCfg = Release|Win32
		{E4CCC1C1-C61D-45DA-B66B-0490B191451C}.Release|Win32.Build.0 = Release|Win32
		{E4CCC1C1-C61D-45DA-B66B-0490B191451C}.Release|x64.ActiveCfg = Release|x64
		{E4CCC1C1-C61D-45DA-B66B-0490B191451C}.Release|x64.Build.0 = Release|x64
		{E4CCC1C1-C61D-45DA-B66B-0490B191451C}.Release|x86.ActiveCfg = Release|Win32
		{E4CCC1C1-C61D-45DA-B66B-0490B191451C}.Release|x86.Build.0 = Release|Win32
		{F6254DC4-AE3D-4FE7-8169-070CA13BCEBA}.Debug|Mixed Platforms.ActiveCfg = Debug|Win32
		{F6254DC4-AE3D-4FE7-8169-070CA13BCEBA}.Debug|Mixed Platforms.Build.0 = Debug|Win32
		{F6254DC4-AE3D-4FE7-8169-070CA13BCEBA}.Debug|Win32.ActiveCfg = Debug|Win32
		{F6254DC4-AE3D-4FE7-8169-070CA13BCEBA}.Debug|Win32.Build.0 = Debug|Win32
		{F6254DC4-AE3D-4FE7-8169-070CA13BCEBA}.Debug|x64.ActiveCfg = Debug|x64
		{F6254DC4-AE3D-4FE7-8169-070CA13BCEBA}.Debug|x64.Build.0 = Debug|x64
		{F6254DC4-AE3D-4FE7-8169-070CA13BCEBA}.Debug|x86.ActiveCfg = Debug|Win32
		{F6254DC4-AE3D-4FE7-8169-070CA13BCEBA}.Debug|x86.Build.0 = Debug|Win32
		{F6254DC4-AE3D-4FE7-8169-070CA13BCEBA}.Release|Mixed Platforms.ActiveCfg = Release|Win32
		{F6254DC4-AE3D-4FE7-8169-070CA13BCEBA}.Release|Mixed Platforms.Build.0 = Release|Win32
		{F6254DC4-AE3D-4FE7-8169-070CA13BCEBA}.Release|Win32.ActiveCfg = Release|Win32
		{F6254DC4-AE3D-4FE7-8169-070CA13BCEBA}.Release|Win32.Build.0 = Release|Win32
		{F6254DC4-AE3D-4FE7-8169-070CA13BCEBA}.Release|x64.ActiveCfg = Release|x64
		{F6254DC4-AE3D-4FE7-8169-070CA13BCEBA}.Release|x64.Build.0 = Release|x64
		{F6254DC4-AE3D-4FE7-8169-070CA13BCEBA}.Release|x86.ActiveCfg = Release|Win32
		{F6254DC4-AE3D-4FE7-8169-070CA13BCEBA}.Release|x86.Build.0 = Release|Win32
		{9BEE748D-86E7-4D29-87E6-EA1CBF3DD956}.Debug|Mixed Platforms.ActiveCfg = Debug|Win32
		{9BEE748D-86E7-4D29-87E6-EA1CBF3DD956}.Debug|Mixed Platforms.Build.0 = Debug|Win32
		{9BEE748D-86E7-4D29-87E6-EA1CBF3DD956}.Debug|Win32.ActiveCfg = Debug|Win32
		{9BEE748D-86E7-4D29-87E6-EA1CBF3DD956}.Debug|Win32.Build.0 = Debug|Win32
		{9BEE748D-86E7-4D29-87E6-EA1CBF3DD956}.Debug|x64.ActiveCfg = Debug|x64
		{9BEE748D-86E7-4D29-87E6-EA1CBF3DD956}.Debug|x64.Build.0 = Debug|x64
		{9BEE748D-86E7-4D29-87E6-EA1CBF3DD956}.Debug|x86.ActiveCfg = Debug|Win32
		{9BEE748D-86E7-4D29-87E6-EA1CBF3DD956}.Debug|x86.Build.0 = Debug|Win32
		{9BEE748D-86E7-4D29-87E6-EA1CBF3DD956}.Release|Mixed Platforms.ActiveCfg = Release|Win32
		{9BEE748D-86E7-4D29-87E6-EA1CBF3DD956}.Release|Mixed Platforms.Build.0 = Release|Win32
		{9BEE748D-86E7-4D29-87E6-EA1CBF3DD956}.Release|Win32.ActiveCfg = Release|Win32
		{9BEE748D-86E7-4D29-87E6-EA1CBF3DD956}.Release|Win32.Build.0 = Release|Win32
		{9BEE748D-86E7-4D29-87E6-EA1CBF3DD956}.Release|x64.ActiveCfg = Release|x64
		{9BEE748D-86E7-4D29-87E6-EA1CBF3DD956}.Release|x64.Build.0 = Release|x64
		{9BEE748D-86E7-4D29-87E6-EA1CBF3DD956}.Release|x86.ActiveCfg = Release|Win32
		{9BEE748D-86E7-4D29-87E6-EA1CBF3DD956}.Release|x86.Build.0 = Release|Win32
		{E8F5B0A2-E6B9-4A61-B784-E0D212EE6209}.Debug|Mixed Platforms.ActiveCfg = Debug|Win32
		{E8F5B0A2-E6B9-4A61-B784-E0D212EE6209}.Debug|Mixed Platforms.Build.0 = Debug|Win32
		{E8F5B0A2-E6B9-4A61-B784-E0D212EE6209}.Debug|Win32.ActiveCfg = Debug|Win32
		{E8F5B0A2-E6B9-4A61-B784-E0D212EE6209}.Debug|Win32.Build.0 = Debug|Win32
		{E8F5B0A2-E6B9-4A61-B784-E0D212EE6209}.Debug|x64.ActiveCfg = Debug|x64
		{E8F5B0A2-E6B9-4A61-B784-E0D212EE6209}.Debug|x64.Build.0 = Debug|x64
		{E8F5B0A2-E6B9-4A61-B784-E0D212EE6209}.Debug|x86.ActiveCfg = Debug|Win32
		{E8F5B0A2-E6B9-4A61-B784-E0D212EE6209}.Debug|x86.Build.0 = Debug|Win32
		{E8F5B0A2-E6B9-4A61-B784-E0D212EE6209}.Release|Mixed Platforms.ActiveCfg = Release|Win32
		{E8F5B0A2-E6B9-4A61-B784-E0D212EE6209}.Release|Mixed Platforms.Build.0 = Release|Win32
		{E8F5B0A2-E6B9-4A61-B784-E0D212EE6209}.Release|Win32.ActiveCfg = Release|Win32
		{E8F5B0A2-E6B9-4A61-B784-E0D212EE6209}.Release|Win32.Build.0 = Release|Win32
		{E8F5B0A2-E6B9-4A61-B784-E0D212EE6209}.Release|x64.ActiveCfg = Release|x64
		{E8F5B0A2-E6B9-4A61-B784-E0D212EE6209}.Release|x64.Build.0 = Release|x64
		{E8F5B0A2-E6B9-4A61-B784-E0D212EE6209}.Release|x86.ActiveCfg = Release|Win32
		{E8F5B0A2-E6B9-4A61-B784-E0D212EE6209}.Release|x86.Build.0 = Release|Win32
		{3C4A7A01-4B96-410B-9639-C7B39DD1F04C}.Debug|Mixed Platforms.ActiveCfg = Debug|Win32
		{3C4A7A01-4B96-410B-9639-C7B39DD1F04C}.Debug|Mixed Platforms.Build.0 = Debug|Win32
		{3C4A7A01-4B96-410B-9639-C7B39DD1F04C}.Debug|Win32.ActiveCfg = Debug|Win32
		{3C4A7A01-4B96-410B-9639-C7B39DD1F04C}.Debug|Win32.Build.0 = Debug|Win32
		{3C4A7A01-4B96-410B-9639-C7B39DD1F04C}.Debug|x64.ActiveCfg = Debug|x64
		{3C4A7A01-4B96-410B-9639-C7B39DD1F04C}.Debug|x64.Build.0 = Debug|x64
		{3C4A7A01-4B96-410B-9639-C7B39DD1F04C}.Debug|x86.ActiveCfg = Debug|Win32
		{3C4A7A01-4B96-410B-9639-C7B39DD1F04C}.Debug|x86.Build.0 = Debug|Win32
		{3C4A7A01-4B96-410B-9639-C7B39DD1F04C}.Release|Mixed Platforms.ActiveCfg = Release|Win32
		{3C4A7A01-4B96-410B-9639-C7B39DD1F04C}.Release|Mixed Platforms.Build.0 = Release|Win32
		{3C4A7A01-4B96-410B-9639-C7B39DD1F04C}.Release|Win32.ActiveCfg = Release|Win32
		{3C4A7A01-4B96-410B-9639-C7B39DD1F04C}.Release|Win32.Build.0 = Release|Win32
		{3C4A7A01-4B96-410B-9639-C7B39DD1F04C}.Release|x64.ActiveCfg = Release|x64
		{3C4A7A01-4B96-410B-9639-C7B39DD1F04C}.Release|x64.Build.0 = Release|x64
		{3C4A7A01-4B96-410B-9639-C7B39DD1F04C}.Release|x86.ActiveCfg = Release|Win32
		{3C4A7A01-4B96-410B-9639-C7B39DD1F04C}.Release|x86.Build.0 = Release|Win32
		{653253F4-EB45-4B76-BCFD-AA954A9ADE2D}.Debug|Mixed Platforms.ActiveCfg = Debug|Win32
		{653253F4-EB45-4B76-BCFD-AA954A9ADE2D}.Debug|Mixed Platforms.Build.0 = Debug|Win32
		{653253F4-EB45-4B76-BCFD-AA954A9ADE2D}.Debug|Win32.ActiveCfg = Debug|Win32
		{653253F4-EB45-4B76-BCFD-AA954A9ADE2D}.Debug|Win32.Build.0 = Debug|Win32
		{653253F4-EB45-4B76-BCFD-AA954A9ADE2D}.Debug|x64.ActiveCfg = Debug|x64
		{653253F4-EB45-4B76-BCFD-AA954A9ADE2D}.Debug|x64.Build.0 = Debug|x64
		{653253F4-EB45-4B76-BCFD-AA954A9ADE2D}.Debug|x86.ActiveCfg = Debug|Win32
		{653253F4-EB45-4B76-BCFD-AA954A9ADE2D}.Debug|x86.Build.0 = Debug|Win32
		{653253F4-EB45-4B76-BCFD-AA954A9ADE2D}.Release|Mixed Platforms.ActiveCfg = Release|Win32
		{653253F4-EB45-4B76-BCFD-AA954A9ADE2D}.Release|Mixed Platforms.Build.0 = Release|Win32
		{653253F4-EB45-4B76-BCFD-AA954A9ADE2D}.Release|Win32.ActiveCfg = Release|Win32
		{653253F4-EB45-4B76-BCFD-AA954A9ADE2D}.Release|Win32.Build.0 = Release|Win32
		{653253F4-EB45-4B76-BCFD-AA954A9ADE2D}.Release|x64.ActiveCfg = Release|x64
		{653253F4-EB45-4B76-BCFD-AA954A9ADE2D}.Release|x64.Build.0 = Release|x64
		{653253F4-EB45-4B76-BCFD-AA954A9ADE2D}.Release|x86.ActiveCfg = Release|Win32
		{653253F4-EB45-4B76-BCFD-AA954A9ADE2D}.Release|x86.Build.0 = Release|Win32
		{A60F0D1F-A77E-4CD9-8091-3B78C806B461}.Debug|Mixed Platforms.ActiveCfg = Debug|Win32
		{A60F0D1F-A77E-4CD9-8091-3B78C806B461}.Debug|Mixed Platforms.Build.0 = Debug|Win32
		{A60F0D1F-A77E-4CD9-8091-3B78C806B461}.Debug|Win32.ActiveCfg = Debug|Win32
		{A60F0D1F-A77E-4CD9-8091-3B78C806B461}.Debug|Win32.Build.0 = Debug|Win32
		{A60F0D1F-A77E-4CD9-8091-3B78C806B461}.Debug|x64.ActiveCfg = Debug|x64
		{A60F0D1F-A77E-4CD9-8091-3B78C806B461}.Debug|x64.Build.0 = Debug|x64
		{A60F0D1F-A77E-4CD9-8091-3B78C806B461}.Debug|x86.ActiveCfg = Debug|Win32
		{A60F0D1F-A77E-4CD9-8091-3B78C806B461}.Debug|x86.Build.0 = Debug|Win32
		{A60F0D1F-A77E-4CD9-8091-3B78C806B461}.Release|Mixed Platforms.ActiveCfg = Release|Win32
		{A60F0D1F-A77E-4CD9-8091-3B78C806B461}.Release|Mixed Platforms.Build.0 = Release|Win32
		{A60F0D1F-A77E-4CD9-8091-3B78C806B461}.Release|Win32.ActiveCfg = Release|Win32
		{A60F0D1F-A77E-4CD9-8091-3B78C806B461}.Release|Win32.Build.0 = Release|Win32
		{A60F0D1F-A77E-4CD9-8091-3B78C806B461}.Release|x64.ActiveCfg = Release|x64
		{A60F0D1F-A77E-4CD9-8091-3B78C806B461}.Release|x64.Build.0 = Release|x64
		{A60F0D1F-A77E-4CD9-8091-3B78C806B461}.Release|x86.ActiveCfg = Release|Win32
		{A60F0D1F-A77E-4CD9-8091-3B78C806B461}.Release|x86.Build.0 = Release|Win32
		{4201D6C2-C692-47BD-B8B0-EAAC7860688B}.Debug|Mixed Platforms.ActiveCfg = Debug|Win32
		{4201D6C2-C692-47BD-B8B0-EAAC7860688B}.Debug|Mixed Platforms.Build.0 = Debug|Win32
		{4201D6C2-C692-47BD-B8B0-EAAC7860688B}.Debug|Win32.ActiveCfg = Debug|Win32
		{4201D6C2-C692-47BD-B8B0-EAAC7860688B}.Debug|Win32.Build.0 = Debug|Win32
		{4201D6C2-C692-47BD-B8B0-EAAC7860688B}.Debug|x64.ActiveCfg = Debug|x64
		{4201D6C2-C692-47BD-B8B0-EAAC7860688B}.Debug|x64.Build.0 = Debug|x64
		{4201D6C2-C692-47BD-B8B0-EAAC7860688B}.Debug|x86.ActiveCfg = Debug|Win32
		{4201D6C2-C692-47BD-B8B0-EAAC7860688B}.Debug|x86.Build.0 = Debug|Win32
		{4201D6C2-C692-47BD-B8B0-EAAC7860688B}.Release|Mixed Platforms.ActiveCfg = Release|Win32
		{4201D6C2-C692-47BD-B8B0-EAAC7860688B}.Release|Mixed Platforms.Build.0 = Release|Win32
		{4201D6C2-C692-47BD-B8B0-EAAC7860688B}.Release|Win32.ActiveCfg = Release|Win32
		{4201D6C2-C692-47BD-B8B0-EAAC7860688B}.Release|Win32.Build.0 = Release|Win32
		{4201D6C2-C692-47BD-B8B0-EAAC7860688B}.Release|x64.ActiveCfg = Release|x64
		{4201D6C2-C692-47BD-B8B0-EAAC7860688B}.Release|x64.Build.0 = Release|x64
		{4201D6C2-C692-47BD-B8B0-EAAC7860688B}.Release|x86.ActiveCfg = Release|Win32
		{4201D6C2-C692-47BD-B8B0-EAAC7860688B}.Release|x86.Build.0 = Release|Win32
		{C8B92E1B-8751-4DBE-A6B5-EC155CAD9570}.Debug|Mixed Platforms.ActiveCfg = Debug|Win32
		{C8B92E1B-8751-4DBE-A6B5-EC155CAD9570}.Debug|Mixed Platforms.Build.0 = Debug|Win32
		{C8B92E1B-8751-4DBE-A6B5-EC155CAD9570}.Debug|Win32.ActiveCfg = Debug|Win32
		{C8B92E1B-8751-4DBE-A6B5-EC155CAD9570}.Debug|Win32.Build.0 = Debug|Win32
		{C8B92E1B-8751-4DBE-A6B5-EC155CAD9570}.Debug|x64.ActiveCfg = Debug|x64
		{C8B92E1B-8751-4DBE-A6B5-EC155CAD9570}.Debug|x64.Build.0 = Debug|x64
		{C8B92E1B-8751-4DBE-A6B5-EC155CAD9570}.Debug|x86.ActiveCfg = Debug|Win32
		{C8B92E1B-8751-4DBE-A6B5-EC155CAD9570}.Debug|x86.Build.0 = Debug|Win32
		{C8B92E1B-8751-4DBE-A6B5-EC155CAD9570}.Release|Mixed Platforms.ActiveCfg = Release|Win32
		{C8B92E1B-8751-4DBE-A6B5-EC155CAD9570}.Release|Mixed Platforms.Build.0 = Release|Win32
		{C8B92E1B-8751-4DBE-A6B5-EC155CAD9570}.Release|Win32.ActiveCfg = Release|Win32
		{C8B92E1B-8751-4DBE-A6B5-EC155CAD9570}.Release|Win32.Build.0 = Release|Win32
		{C8B92E1B-8751-4DBE-A6B5-EC155CAD9570}.Release|x64.ActiveCfg = Release|x64
		{C8B92E1B-8751-4DBE-A6B5-EC155CAD9570}.Release|x64.Build.0 = Release|x64
		{C8B92E1B-8751-4DBE-A6B5-EC155CAD9570}.Release|x86.ActiveCfg = Release|Win32
		{C8B92E1B-8751-4DBE-A6B5-EC155CAD9570}.Release|x86.Build.0 = Release|Win32
		{F9992DAD-EAB4-44F6-8807-D8EF9A5216DA}.Debug|Mixed Platforms.ActiveCfg = Debug|Win32
		{F9992DAD-EAB4-44F6-8807-D8EF9A5216DA}.Debug|Mixed Platforms.Build.0 = Debug|Win32
		{F9992DAD-EAB4-44F6-8807-D8EF9A5216DA}.Debug|Win32.ActiveCfg = Debug|Win32
		{F9992DAD-EAB4-44F6-8807-D8EF9A5216DA}.Debug|Win32.Build.0 = Debug|Win32
		{F9992DAD-EAB4-44F6-8807-D8EF9A5216DA}.Debug|x64.ActiveCfg = Debug|x64
		{F9992DAD-EAB4-44F6-8807-D8EF9A5216DA}.Debug|x64.Build.0 = Debug|x64
		{F9992DAD-EAB4-44F6-8807-D8EF9A5216DA}.Debug|x86.ActiveCfg = Debug|Win32
		{F9992DAD-EAB4-44F6-8807-D8EF9A5216DA}.Debug|x86.Build.0 = Debug|Win32
		{F9992DAD-EAB4-44F6-8807-D8EF9A5216DA}.Release|Mixed Platforms.ActiveCfg = Release|Win32
		{F9992DAD-EAB4-44F6-8807-D8EF9A5216DA}.Release|Mixed Platforms.Build.0 = Release|Win32
		{F9992DAD-EAB4-44F6-8807-D8EF9A5216DA}.Release|Win32.ActiveCfg = Release|Win32
		{F9992DAD-EAB4-44F6-8807-D8EF9A5216DA}.Release|Win32.Build.0 = Release|Win32
		{F9992DAD-EAB4-44F6-8807-D8EF9A5216DA}.Release|x64.ActiveCfg = Release|x64
		{F9992DAD-EAB4-44F6-8807-D8EF9A5216DA}.Release|x64.Build.0 = Release|x64
		{F9992DAD-EAB4-44F6-8807-D8EF9A5216DA}.Release|x86.ActiveCfg = Release|Win32
		{F9992DAD-EAB4-44F6-8807-D8EF9A5216DA}.Release|x86.Build.0 = Release|Win32
		{5B657A69-CE83-47E7-9CE9-EC4E7185F05D}.Debug|Mixed Platforms.ActiveCfg = Debug|Win32
		{5B657A69-CE83-47E7-9CE9-EC4E7185F05D}.Debug|Mixed Platforms.Build.0 = Debug|Win32
		{5B657A69-CE83-47E7-9CE9-EC4E7185F05D}.Debug|Win32.ActiveCfg = Debug|Win32
		{5B657A69-CE83-47E7-9CE9-EC4E7185F05D}.Debug|Win32.Build.0 = Debug|Win32
		{5B657A69-CE83-47E7-9CE9-EC4E7185F05D}.Debug|x64.ActiveCfg = Debug|x64
		{5B657A69-CE83-47E7-9CE9-EC4E7185F05D}.Debug|x64.Build.0 = Debug|x64
		{5B657A69-CE83-47E7-9CE9-EC4E7185F05D}.Debug|x86.ActiveCfg = Debug|Win32
		{5B657A69-CE83-47E7-9CE9-EC4E7185F05D}.Debug|x86.Build.0 = Debug|Win32
		{5B657A69-CE83-47E7-9CE9-EC4E7185F05D}.Release|Mixed Platforms.ActiveCfg = Release|Win32
		{5B657A69-CE83-47E7-9CE9-EC4E7185F05D}.Release|Mixed Platforms.Build.0 = Release|Win32
		{5B657A69-CE83-47E7-9CE9-EC4E7185F05D}.Release|Win32.ActiveCfg = Release|Win32
		{5B657A69-CE83-47E7-9CE9-EC4E7185F05D}.Release|Win32.Build.0 = Release|Win32
		{5B657A69-CE83-47E7-9CE9-EC4E7185F05D}.Release|x64.ActiveCfg = Release|x64
		{5B657A69-CE83-47E7-9CE9-EC4E7185F05D}.Release|x64.Build.0 = Release|x64
		{5B657A69-CE83-47E7-9CE9-EC4E7185F05D}.Release|x86.ActiveCfg = Release|Win32
		{5B657A69-CE83-47E7-9CE9-EC4E7185F05D}.Release|x86.Build.0 = Release|Win32
		{943C5572-E65B-4FCC-957D-8DB0E3357A78}.Debug|Mixed Platforms.ActiveCfg = Debug|Win32
		{943C5572-E65B-4FCC-957D-8DB0E3357A78}.Debug|Mixed Platforms.Build.0 = Debug|Win32
		{943C5572-E65B-4FCC-957D-8DB0E3357A78}.Debug|Win32.ActiveCfg = Debug|Win32
		{943C5572-E65B-4FCC-957D-8DB0E3357A78}.Debug|Win32.Build.0 = Debug|Win32
		{943C5572-E65B-4FCC-957D-8DB0E3357A78}.Debug|x64.ActiveCfg = Debug|Win32
		{943C5572-E65B-4FCC-957D-8DB0E3357A78}.Debug|x86.ActiveCfg = Debug|Win32
		{943C5572-E65B-4FCC-957D-8DB0E3357A78}.Debug|x86.Build.0 = Debug|Win32
		{943C5572-E65B-4FCC-957D-8DB0E3357A78}.Release|Mixed Platforms.ActiveCfg = Release|Win32
		{943C5572-E65B-4FCC-957D-8DB0E3357A78}.Release|Mixed Platforms.Build.0 = Release|Win32
		{943C5572-E65B-4FCC-957D-8DB0E3357A78}.Release|Win32.ActiveCfg = Release|Win32
		{943C5572-E65B-4FCC-957D-8DB0E3357A78}.Release|Win32.Build.0 = Release|Win32
		{943C5572-E65B-4FCC-957D-8DB0E3357A78}.Release|x64.ActiveCfg = Release|Win32
		{943C5572-E65B-4FCC-957D-8DB0E3357A78}.Release|x86.ActiveCfg = Release|Win32
		{943C5572-E65B-4FCC-957D-8DB0E3357A78}.Release|x86.Build.0 = Release|Win32
		{52BEE895-F297-4FD8-8FBA-AFE4D5AE97BC}.Debug|Mixed Platforms.ActiveCfg = Debug|Win32
		{52BEE895-F297-4FD8-8FBA-AFE4D5AE97BC}.Debug|Mixed Platforms.Build.0 = Debug|Win32
		{52BEE895-F297-4FD8-8FBA-AFE4D5AE97BC}.Debug|Win32.ActiveCfg = Debug|Win32
		{52BEE895-F297-4FD8-8FBA-AFE4D5AE97BC}.Debug|Win32.Build.0 = Debug|Win32
		{52BEE895-F297-4FD8-8FBA-AFE4D5AE97BC}.Debug|x64.ActiveCfg = Debug|Win32
		{52BEE895-F297-4FD8-8FBA-AFE4D5AE97BC}.Debug|x86.ActiveCfg = Debug|Win32
		{52BEE895-F297-4FD8-8FBA-AFE4D5AE97BC}.Debug|x86.Build.0 = Debug|Win32
		{52BEE895-F297-4FD8-8FBA-AFE4D5AE97BC}.Release|Mixed Platforms.ActiveCfg = Release|Win32
		{52BEE895-F297-4FD8-8FBA-AFE4D5AE97BC}.Release|Mixed Platforms.Build.0 = Release|Win32
		{52BEE895-F297-4FD8-8FBA-AFE4D5AE97BC}.Release|Win32.ActiveCfg = Release|Win32
		{52BEE895-F297-4FD8-8FBA-AFE4D5AE97BC}.Release|Win32.Build.0 = Release|Win32
		{52BEE895-F297-4FD8-8FBA-AFE4D5AE97BC}.Release|x64.ActiveCfg = Release|Win32
		{52BEE895-F297-4FD8-8FBA-AFE4D5AE97BC}.Release|x86.ActiveCfg = Release|Win32
		{52BEE895-F297-4FD8-8FBA-AFE4D5AE97BC}.Release|x86.Build.0 = Release|Win32
		{7017E12C-5BC8-45E1-8598-8CE6141B71E5}.Debug|Mixed Platforms.ActiveCfg = Debug|Win32
		{7017E12C-5BC8-45E1-8598-8CE6141B71E5}.Debug|Mixed Platforms.Build.0 = Debug|Win32
		{7017E12C-5BC8-45E1-8598-8CE6141B71E5}.Debug|Win32.ActiveCfg = Debug|Win32
		{7017E12C-5BC8-45E1-8598-8CE6141B71E5}.Debug|Win32.Build.0 = Debug|Win32
		{7017E12C-5BC8-45E1-8598-8CE6141B71E5}.Debug|x64.ActiveCfg = Debug|Win32
		{7017E12C-5BC8-45E1-8598-8CE6141B71E5}.Debug|x86.ActiveCfg = Debug|Win32
		{7017E12C-5BC8-45E1-8598-8CE6141B71E5}.Debug|x86.Build.0 = Debug|Win32
		{7017E12C-5BC8-45E1-8598-8CE6141B71E5}.Release|Mixed Platforms.ActiveCfg = Release|Win32
		{7017E12C-5BC8-45E1-8598-8CE6141B71E5}.Release|Mixed Platforms.Build.0 = Release|Win32
		{7017E12C-5BC8-45E1-8598-8CE6141B71E5}.Release|Win32.ActiveCfg = Release|Win32
		{7017E12C-5BC8-45E1-8598-8CE6141B71E5}.Release|Win32.Build.0 = Release|Win32
		{7017E12C-5BC8-45E1-8598-8CE6141B71E5}.Release|x64.ActiveCfg = Release|Win32
		{7017E12C-5BC8-45E1-8598-8CE6141B71E5}.Release|x86.ActiveCfg = Release|Win32
		{7017E12C-5BC8-45E1-8598-8CE6141B71E5}.Release|x86.Build.0 = Release|Win32
		{B0818E21-68CD-40D1-BDE8-EC19BB47A542}.Debug|Mixed Platforms.ActiveCfg = Debug|Win32
		{B0818E21-68CD-40D1-BDE8-EC19BB47A542}.Debug|Mixed Platforms.Build.0 = Debug|Win32
		{B0818E21-68CD-40D1-BDE8-EC19BB47A542}.Debug|Win32.ActiveCfg = Debug|Win32
		{B0818E21-68CD-40D1-BDE8-EC19BB47A542}.Debug|Win32.Build.0 = Debug|Win32
		{B0818E21-68CD-40D1-BDE8-EC19BB47A542}.Debug|x64.ActiveCfg = Debug|Win32
		{B0818E21-68CD-40D1-BDE8-EC19BB47A542}.Debug|x86.ActiveCfg = Debug|Win32
		{B0818E21-68CD-40D1-BDE8-EC19BB47A542}.Debug|x86.Build.0 = Debug|Win32
		{B0818E21-68CD-40D1-BDE8-EC19BB47A542}.Release|Mixed Platforms.ActiveCfg = Release|Win32
		{B0818E21-68CD-40D1-BDE8-EC19BB47A542}.Release|Mixed Platforms.Build.0 = Release|Win32
		{B0818E21-68CD-40D1-BDE8-EC19BB47A542}.Release|Win32.ActiveCfg = Release|Win32
		{B0818E21-68CD-40D1-BDE8-EC19BB47A542}.Release|Win32.Build.0 = Release|Win32
		{B0818E21-68CD-40D1-BDE8-EC19BB47A542}.Release|x64.ActiveCfg = Release|Win32
		{B0818E21-68CD-40D1-BDE8-EC19BB47A542}.Release|x86.ActiveCfg = Release|Win32
		{B0818E21-68CD-40D1-BDE8-EC19BB47A542}.Release|x86.Build.0 = Release|Win32
		{EDC5C378-A70B-49A6-9B64-453D2A81F0C2}.Debug|Mixed Platforms.ActiveCfg = Debug|Win32
		{EDC5C378-A70B-49A6-9B64-453D2A81F0C2}.Debug|Mixed Platforms.Build.0 = Debug|Win32
		{EDC5C378-A70B-49A6-9B64-453D2A81F0C2}.Debug|Win32.ActiveCfg = Debug|Win32
		{EDC5C378-A70B-49A6-9B64-453D2A81F0C2}.Debug|Win32.Build.0 = Debug|Win32
		{EDC5C378-A70B-49A6-9B64-453D2A81F0C2}.Debug|x64.ActiveCfg = Debug|Win32
		{EDC5C378-A70B-49A6-9B64-453D2A81F0C2}.Debug|x86.ActiveCfg = Debug|Win32
		{EDC5C378-A70B-49A6-9B64-453D2A81F0C2}.Debug|x86.Build.0 = Debug|Win32
		{EDC5C378-A70B-49A6-9B64-453D2A81F0C2}.Release|Mixed Platforms.ActiveCfg = Release|Win32
		{EDC5C378-A70B-49A6-9B64-453D2A81F0C2}.Release|Mixed Platforms.Build.0 = Release|Win32
		{EDC5C378-A70B-49A6-9B64-453D2A81F0C2}.Release|Win32.ActiveCfg = Release|Win32
		{EDC5C378-A70B-49A6-9B64-453D2A81F0C2}.Release|Win32.Build.0 = Release|Win32
		{EDC5C378-A70B-49A6-9B64-453D2A81F0C2}.Release|x64.ActiveCfg = Release|Win32
		{EDC5C378-A70B-49A6-9B64-453D2A81F0C2}.Release|x86.ActiveCfg = Release|Win32
		{EDC5C378-A70B-49A6-9B64-453D2A81F0C2}.Release|x86.Build.0 = Release|Win32
	EndGlobalSection
	GlobalSection(SolutionProperties) = preSolution
		HideSolutionNode = FALSE
	EndGlobalSection
EndGlobal
